
Microsoft Visual Studio Solution File, Format Version 12.00
# Visual Studio Version 17
VisualStudioVersion = 17.5.33627.172
MinimumVisualStudioVersion = 10.0.40219.1
Project("{FAE04EC0-301F-11D3-BF4B-00C04F79EFBC}") = "Kitaplık_Proje", "Kitaplık_Proje\Kitaplık_Proje.csproj", "{853DC4FB-CB43-4FB4-9B31-87F3AEE3735B}"
EndProject
Global
	GlobalSection(SolutionConfigurationPlatforms) = preSolution
		Debug|Any CPU = Debug|Any CPU
		Release|Any CPU = Release|Any CPU
	EndGlobalSection
	GlobalSection(ProjectConfigurationPlatforms) = postSolution
		{853DC4FB-CB43-4FB4-9B31-87F3AEE3735B}.Debug|Any CPU.ActiveCfg = Debug|Any CPU
		{853DC4FB-CB43-4FB4-9B31-87F3AEE3735B}.Debug|Any CPU.Build.0 = Debug|Any CPU
		{853DC4FB-CB43-4FB4-9B31-87F3AEE3735B}.Release|Any CPU.ActiveCfg = Release|Any CPU
		{853DC4FB-CB43-4FB4-9B31-87F3AEE3735B}.Release|Any CPU.Build.0 = Release|Any CPU
	EndGlobalSection
	GlobalSection(SolutionProperties) = preSolution
		HideSolutionNode = FALSE
	EndGlobalSection
	GlobalSection(ExtensibilityGlobals) = postSolution
		SolutionGuid = {549986CD-90FD-46A1-97A1-368F3874D1B0}
	EndGlobalSection
EndGlobal
